
Microsoft Visual Studio Solution File, Format Version 12.00
# Visual Studio Version 17
VisualStudioVersion = 17.5.33530.505
MinimumVisualStudioVersion = 10.0.40219.1
Project("{FAE04EC0-301F-11D3-BF4B-00C04F79EFBC}") = "csharp-oop-shop-2", "csharp-oop-shop-2\csharp-oop-shop-2.csproj", "{0AF06D31-4AFF-4D24-AD50-1B10A4EF0F67}"
EndProject
Global
	GlobalSection(SolutionConfigurationPlatforms) = preSolution
		Debug|Any CPU = Debug|Any CPU
		Release|Any CPU = Release|Any CPU
	EndGlobalSection
	GlobalSection(ProjectConfigurationPlatforms) = postSolution
		{0AF06D31-4AFF-4D24-AD50-1B10A4EF0F67}.Debug|Any CPU.ActiveCfg = Debug|Any CPU
		{0AF06D31-4AFF-4D24-AD50-1B10A4EF0F67}.Debug|Any CPU.Build.0 = Debug|Any CPU
		{0AF06D31-4AFF-4D24-AD50-1B10A4EF0F67}.Release|Any CPU.ActiveCfg = Release|Any CPU
		{0AF06D31-4AFF-4D24-AD50-1B10A4EF0F67}.Release|Any CPU.Build.0 = Release|Any CPU
	EndGlobalSection
	GlobalSection(SolutionProperties) = preSolution
		HideSolutionNode = FALSE
	EndGlobalSection
	GlobalSection(ExtensibilityGlobals) = postSolution
		SolutionGuid = {BC6FD38C-B169-462E-9D14-9C3D362AB67B}
	EndGlobalSection
EndGlobal
